<?xml version="1.0" encoding="utf-8"?>
<Project ToolsVersion="15.0" xmlns="http://schemas.microsoft.com/developer/msbuild/2003">
  <ItemGroup>
    <CustomBuild Include="C:\Users\olejk\Desktop\mp2-lab2-matrix\include\CMakeLists.txt" />
  </ItemGroup>
  <ItemGroup>
    <None Include="C:\Users\olejk\Desktop\mp2-lab2-matrix\include\utmatrix.h">
      <Filter>Header Files</Filter>
    </None>
  </ItemGroup>
  <ItemGroup>
    <Filter Include="Header Files">
      <UniqueIdentifier>{E6731674-04CF-36E0-81B3-55B5E99577D9}</UniqueIdentifier>
    </Filter>
  </ItemGroup>
</Project>
