Microsoft Visual Studio Solution File, Format Version 12.00
# Visual Studio 15
Project("{8BC9CEB8-8B4A-11D0-8D11-00A0C91BC942}") = "ALL_BUILD", "ALL_BUILD.vcxproj", "{284CE550-D416-35AB-B5C1-922F26D3177F}"
	ProjectSection(ProjectDependencies) = postProject
		{F98E4E70-EDBD-369A-82E7-36CD9593168F} = {F98E4E70-EDBD-369A-82E7-36CD9593168F}
		{5E62C26D-D336-3693-A52D-2E9DA38F93B1} = {5E62C26D-D336-3693-A52D-2E9DA38F93B1}
		{CDCD52AA-409F-316D-B406-5AE62251A2E6} = {CDCD52AA-409F-316D-B406-5AE62251A2E6}
		{A2893147-F92F-3FD5-A433-EA1987D84422} = {A2893147-F92F-3FD5-A433-EA1987D84422}
	EndProjectSection
EndProject
Project("{8BC9CEB8-8B4A-11D0-8D11-00A0C91BC942}") = "ZERO_CHECK", "ZERO_CHECK.vcxproj", "{F98E4E70-EDBD-369A-82E7-36CD9593168F}"
	ProjectSection(ProjectDependencies) = postProject
	EndProjectSection
EndProject
Project("{8BC9CEB8-8B4A-11D0-8D11-00A0C91BC942}") = "gtest", "gtest\gtest.vcxproj", "{5E62C26D-D336-3693-A52D-2E9DA38F93B1}"
	ProjectSection(ProjectDependencies) = postProject
		{F98E4E70-EDBD-369A-82E7-36CD9593168F} = {F98E4E70-EDBD-369A-82E7-36CD9593168F}
	EndProjectSection
EndProject
Project("{8BC9CEB8-8B4A-11D0-8D11-00A0C91BC942}") = "matrix", "include\matrix.vcxproj", "{5EABC6B3-F3C8-366A-BF6E-C0AB2133ECAD}"
	ProjectSection(ProjectDependencies) = postProject
		{F98E4E70-EDBD-369A-82E7-36CD9593168F} = {F98E4E70-EDBD-369A-82E7-36CD9593168F}
	EndProjectSection
EndProject
Project("{8BC9CEB8-8B4A-11D0-8D11-00A0C91BC942}") = "sample_matrix", "samples\sample_matrix.vcxproj", "{CDCD52AA-409F-316D-B406-5AE62251A2E6}"
	ProjectSection(ProjectDependencies) = postProject
		{F98E4E70-EDBD-369A-82E7-36CD9593168F} = {F98E4E70-EDBD-369A-82E7-36CD9593168F}
	EndProjectSection
EndProject
Project("{8BC9CEB8-8B4A-11D0-8D11-00A0C91BC942}") = "test_matrix", "test\test_matrix.vcxproj", "{A2893147-F92F-3FD5-A433-EA1987D84422}"
	ProjectSection(ProjectDependencies) = postProject
		{F98E4E70-EDBD-369A-82E7-36CD9593168F} = {F98E4E70-EDBD-369A-82E7-36CD9593168F}
		{5E62C26D-D336-3693-A52D-2E9DA38F93B1} = {5E62C26D-D336-3693-A52D-2E9DA38F93B1}
	EndProjectSection
EndProject
Global
	GlobalSection(SolutionConfigurationPlatforms) = preSolution
		Debug|Win32 = Debug|Win32
		Release|Win32 = Release|Win32
	EndGlobalSection
	GlobalSection(ProjectConfigurationPlatforms) = postSolution
		{284CE550-D416-35AB-B5C1-922F26D3177F}.Debug|Win32.ActiveCfg = Debug|Win32
		{284CE550-D416-35AB-B5C1-922F26D3177F}.Release|Win32.ActiveCfg = Release|Win32
		{F98E4E70-EDBD-369A-82E7-36CD9593168F}.Debug|Win32.ActiveCfg = Debug|Win32
		{F98E4E70-EDBD-369A-82E7-36CD9593168F}.Debug|Win32.Build.0 = Debug|Win32
		{F98E4E70-EDBD-369A-82E7-36CD9593168F}.Release|Win32.ActiveCfg = Release|Win32
		{F98E4E70-EDBD-369A-82E7-36CD9593168F}.Release|Win32.Build.0 = Release|Win32
		{5E62C26D-D336-3693-A52D-2E9DA38F93B1}.Debug|Win32.ActiveCfg = Debug|Win32
		{5E62C26D-D336-3693-A52D-2E9DA38F93B1}.Debug|Win32.Build.0 = Debug|Win32
		{5E62C26D-D336-3693-A52D-2E9DA38F93B1}.Release|Win32.ActiveCfg = Release|Win32
		{5E62C26D-D336-3693-A52D-2E9DA38F93B1}.Release|Win32.Build.0 = Release|Win32
		{5EABC6B3-F3C8-366A-BF6E-C0AB2133ECAD}.Debug|Win32.ActiveCfg = Debug|Win32
		{5EABC6B3-F3C8-366A-BF6E-C0AB2133ECAD}.Release|Win32.ActiveCfg = Release|Win32
		{CDCD52AA-409F-316D-B406-5AE62251A2E6}.Debug|Win32.ActiveCfg = Debug|Win32
		{CDCD52AA-409F-316D-B406-5AE62251A2E6}.Debug|Win32.Build.0 = Debug|Win32
		{CDCD52AA-409F-316D-B406-5AE62251A2E6}.Release|Win32.ActiveCfg = Release|Win32
		{CDCD52AA-409F-316D-B406-5AE62251A2E6}.Release|Win32.Build.0 = Release|Win32
		{A2893147-F92F-3FD5-A433-EA1987D84422}.Debug|Win32.ActiveCfg = Debug|Win32
		{A2893147-F92F-3FD5-A433-EA1987D84422}.Debug|Win32.Build.0 = Debug|Win32
		{A2893147-F92F-3FD5-A433-EA1987D84422}.Release|Win32.ActiveCfg = Release|Win32
		{A2893147-F92F-3FD5-A433-EA1987D84422}.Release|Win32.Build.0 = Release|Win32
	EndGlobalSection
	GlobalSection(ExtensibilityGlobals) = postSolution
		SolutionGuid = {5EAE5651-B459-32D8-82F1-960610D1507D}
	EndGlobalSection
	GlobalSection(ExtensibilityAddIns) = postSolution
	EndGlobalSection
EndGlobal
